
Microsoft Visual Studio Solution File, Format Version 12.00
# Visual Studio 2013
VisualStudioVersion = 12.0.30723.0
MinimumVisualStudioVersion = 10.0.40219.1
Project("{FAE04EC0-301F-11D3-BF4B-00C04F79EFBC}") = "RPS.Api", "RPS.Api\RPS.Api.csproj", "{50A59B34-821C-4570-927C-BE07DA3CF529}"
EndProject
Project("{FAE04EC0-301F-11D3-BF4B-00C04F79EFBC}") = "Scaling.Lab.Utils", "Scaling.Lab.Utils\Scaling.Lab.Utils.csproj", "{FF5AA2CD-A22D-4193-973D-B1B2985D0140}"
EndProject
Project("{FAE04EC0-301F-11D3-BF4B-00C04F79EFBC}") = "Scaling.Lab.IISHost", "Scaling.Lab.IISHost\Scaling.Lab.IISHost.csproj", "{6198FD18-AF85-4A16-ADAB-11E903870695}"
EndProject
Project("{FAE04EC0-301F-11D3-BF4B-00C04F79EFBC}") = "Scaling.Lab.Client", "Scaling.Lab.Client\Scaling.Lab.Client.csproj", "{EF78BFDB-499B-4339-BBCF-8D16B0830ECE}"
EndProject
Global
	GlobalSection(SolutionConfigurationPlatforms) = preSolution
		Debug|Any CPU = Debug|Any CPU
		Release|Any CPU = Release|Any CPU
	EndGlobalSection
	GlobalSection(ProjectConfigurationPlatforms) = postSolution
		{50A59B34-821C-4570-927C-BE07DA3CF529}.Debug|Any CPU.ActiveCfg = Debug|Any CPU
		{50A59B34-821C-4570-927C-BE07DA3CF529}.Debug|Any CPU.Build.0 = Debug|Any CPU
		{50A59B34-821C-4570-927C-BE07DA3CF529}.Release|Any CPU.ActiveCfg = Release|Any CPU
		{50A59B34-821C-4570-927C-BE07DA3CF529}.Release|Any CPU.Build.0 = Release|Any CPU
		{FF5AA2CD-A22D-4193-973D-B1B2985D0140}.Debug|Any CPU.ActiveCfg = Debug|Any CPU
		{FF5AA2CD-A22D-4193-973D-B1B2985D0140}.Debug|Any CPU.Build.0 = Debug|Any CPU
		{FF5AA2CD-A22D-4193-973D-B1B2985D0140}.Release|Any CPU.ActiveCfg = Release|Any CPU
		{FF5AA2CD-A22D-4193-973D-B1B2985D0140}.Release|Any CPU.Build.0 = Release|Any CPU
		{6198FD18-AF85-4A16-ADAB-11E903870695}.Debug|Any CPU.ActiveCfg = Debug|Any CPU
		{6198FD18-AF85-4A16-ADAB-11E903870695}.Debug|Any CPU.Build.0 = Debug|Any CPU
		{6198FD18-AF85-4A16-ADAB-11E903870695}.Release|Any CPU.ActiveCfg = Release|Any CPU
		{6198FD18-AF85-4A16-ADAB-11E903870695}.Release|Any CPU.Build.0 = Release|Any CPU
		{EF78BFDB-499B-4339-BBCF-8D16B0830ECE}.Debug|Any CPU.ActiveCfg = Debug|Any CPU
		{EF78BFDB-499B-4339-BBCF-8D16B0830ECE}.Debug|Any CPU.Build.0 = Debug|Any CPU
		{EF78BFDB-499B-4339-BBCF-8D16B0830ECE}.Release|Any CPU.ActiveCfg = Release|Any CPU
		{EF78BFDB-499B-4339-BBCF-8D16B0830ECE}.Release|Any CPU.Build.0 = Release|Any CPU
	EndGlobalSection
	GlobalSection(SolutionProperties) = preSolution
		HideSolutionNode = FALSE
	EndGlobalSection
EndGlobal
